github.com/rahmat1996/go-say-hello v1.1.0 h1:4Lt93I7XGIdgjdnv4crXlYtZ1k/pnAHXUxUJOoiXfas=
github.com/rahmat1996/go-say-hello v1.1.0/go.mod h1:VntPs+u/SSeWbpZxxnBJVffDRVW5CVgb5I0Gt0he5NU=
github.com/rahmat1996/go-say-hello/v2 v2.0.0 h1:ugHJPxXT31scw8reIZgN6MwVeI2H61dHf3Xo1f1ZW84=
github.com/rahmat1996/go-say-hello/v2 v2.0.0/go.mod h1:KdHIm5D3mt93eYvzdkRWfgQOw2ApAEIUQcnrPJfDwNk=
